
Microsoft Visual Studio Solution File, Format Version 12.00
# Visual Studio Version 17
VisualStudioVersion = 17.9.34728.123
MinimumVisualStudioVersion = 10.0.40219.1
Project("{9A19103F-16F7-4668-BE54-9A1E7A4F7556}") = "BlazorWebAppChatApp", "BlazorWebAppChatApp\BlazorWebAppChatApp.csproj", "{B63398E5-0765-4C31-A9B3-EC8EAEF7A02B}"
EndProject
Global
	GlobalSection(SolutionConfigurationPlatforms) = preSolution
		Debug|Any CPU = Debug|Any CPU
		Release|Any CPU = Release|Any CPU
	EndGlobalSection
	GlobalSection(ProjectConfigurationPlatforms) = postSolution
		{B63398E5-0765-4C31-A9B3-EC8EAEF7A02B}.Debug|Any CPU.ActiveCfg = Debug|Any CPU
		{B63398E5-0765-4C31-A9B3-EC8EAEF7A02B}.Debug|Any CPU.Build.0 = Debug|Any CPU
		{B63398E5-0765-4C31-A9B3-EC8EAEF7A02B}.Release|Any CPU.ActiveCfg = Release|Any CPU
		{B63398E5-0765-4C31-A9B3-EC8EAEF7A02B}.Release|Any CPU.Build.0 = Release|Any CPU
	EndGlobalSection
	GlobalSection(SolutionProperties) = preSolution
		HideSolutionNode = FALSE
	EndGlobalSection
	GlobalSection(ExtensibilityGlobals) = postSolution
		SolutionGuid = {2A9B11DF-C051-49CE-A508-C499DF3D32F9}
	EndGlobalSection
EndGlobal
